
Microsoft Visual Studio Solution File, Format Version 12.00
# Visual Studio Version 17
VisualStudioVersion = 17.2.32602.215
MinimumVisualStudioVersion = 10.0.40219.1
Project("{FAE04EC0-301F-11D3-BF4B-00C04F79EFBC}") = "No7.7", "No7.7.csproj", "{AC668BA7-3F2F-4F8B-9C2C-502D01619ACF}"
EndProject
Global
	GlobalSection(SolutionConfigurationPlatforms) = preSolution
		Debug|Any CPU = Debug|Any CPU
		Release|Any CPU = Release|Any CPU
	EndGlobalSection
	GlobalSection(ProjectConfigurationPlatforms) = postSolution
		{AC668BA7-3F2F-4F8B-9C2C-502D01619ACF}.Debug|Any CPU.ActiveCfg = Debug|Any CPU
		{AC668BA7-3F2F-4F8B-9C2C-502D01619ACF}.Debug|Any CPU.Build.0 = Debug|Any CPU
		{AC668BA7-3F2F-4F8B-9C2C-502D01619ACF}.Release|Any CPU.ActiveCfg = Release|Any CPU
		{AC668BA7-3F2F-4F8B-9C2C-502D01619ACF}.Release|Any CPU.Build.0 = Release|Any CPU
	EndGlobalSection
	GlobalSection(SolutionProperties) = preSolution
		HideSolutionNode = FALSE
	EndGlobalSection
	GlobalSection(ExtensibilityGlobals) = postSolution
		SolutionGuid = {446A69BE-E3F0-4F3C-B466-D50ED43271DA}
	EndGlobalSection
EndGlobal
